
Microsoft Visual Studio Solution File, Format Version 12.00
# Visual Studio Version 16
VisualStudioVersion = 16.0.30002.166
MinimumVisualStudioVersion = 10.0.40219.1
Project("{888888A0-9F3D-457C-B088-3A5042F75D52}") = "AudioServer", "AudioServer.pyproj", "{CA97C8A3-FD53-4368-BABA-EDB61B74AC6D}"
EndProject
Global
	GlobalSection(SolutionConfigurationPlatforms) = preSolution
		Debug|Any CPU = Debug|Any CPU
		Release|Any CPU = Release|Any CPU
	EndGlobalSection
	GlobalSection(ProjectConfigurationPlatforms) = postSolution
		{CA97C8A3-FD53-4368-BABA-EDB61B74AC6D}.Debug|Any CPU.ActiveCfg = Debug|Any CPU
		{CA97C8A3-FD53-4368-BABA-EDB61B74AC6D}.Debug|Any CPU.Build.0 = Debug|Any CPU
		{CA97C8A3-FD53-4368-BABA-EDB61B74AC6D}.Release|Any CPU.ActiveCfg = Release|Any CPU
		{CA97C8A3-FD53-4368-BABA-EDB61B74AC6D}.Release|Any CPU.Build.0 = Release|Any CPU
	EndGlobalSection
	GlobalSection(SolutionProperties) = preSolution
		HideSolutionNode = FALSE
	EndGlobalSection
	GlobalSection(ExtensibilityGlobals) = postSolution
		SolutionGuid = {EE42E3E4-246D-4C06-BA2D-9DFC6F950211}
	EndGlobalSection
EndGlobal
